
Microsoft Visual Studio Solution File, Format Version 12.00
Project("{FAE04EC0-301F-11D3-BF4B-00C04F79EFBC}") = "BlazorServerPlusEFBlogging", "BlazorServerPlusEFBlogging\BlazorServerPlusEFBlogging.csproj", "{1B6803C0-7E1C-47E5-833C-85DE13225D1F}"
EndProject
Project("{FAE04EC0-301F-11D3-BF4B-00C04F79EFBC}") = "MinimalApiWithAuth", "MinimalApiWithAuth\MinimalApiWithAuth.csproj", "{49FBEACD-06DB-4E7D-8A9A-6C84016D264F}"
EndProject
Global
	GlobalSection(SolutionConfigurationPlatforms) = preSolution
		Debug|Any CPU = Debug|Any CPU
		Release|Any CPU = Release|Any CPU
	EndGlobalSection
	GlobalSection(ProjectConfigurationPlatforms) = postSolution
		{1B6803C0-7E1C-47E5-833C-85DE13225D1F}.Debug|Any CPU.ActiveCfg = Debug|Any CPU
		{1B6803C0-7E1C-47E5-833C-85DE13225D1F}.Debug|Any CPU.Build.0 = Debug|Any CPU
		{1B6803C0-7E1C-47E5-833C-85DE13225D1F}.Release|Any CPU.ActiveCfg = Release|Any CPU
		{1B6803C0-7E1C-47E5-833C-85DE13225D1F}.Release|Any CPU.Build.0 = Release|Any CPU
		{49FBEACD-06DB-4E7D-8A9A-6C84016D264F}.Debug|Any CPU.ActiveCfg = Debug|Any CPU
		{49FBEACD-06DB-4E7D-8A9A-6C84016D264F}.Debug|Any CPU.Build.0 = Debug|Any CPU
		{49FBEACD-06DB-4E7D-8A9A-6C84016D264F}.Release|Any CPU.ActiveCfg = Release|Any CPU
		{49FBEACD-06DB-4E7D-8A9A-6C84016D264F}.Release|Any CPU.Build.0 = Release|Any CPU
	EndGlobalSection
EndGlobal
